
Microsoft Visual Studio Solution File, Format Version 12.00
# Visual Studio Version 16
VisualStudioVersion = 16.0.29613.14
MinimumVisualStudioVersion = 10.0.40219.1
Project("{FAE04EC0-301F-11D3-BF4B-00C04F79EFBC}") = "SportsStore", "SportsStore\SportsStore.csproj", "{276F8AD4-9200-462C-8C86-60E50DE1443E}"
EndProject
Project("{FAE04EC0-301F-11D3-BF4B-00C04F79EFBC}") = "SportsStore.Tests", "SportsStore.Tests\SportsStore.Tests.csproj", "{A373F0FB-28B5-4CD8-B3BA-20153B6B3D4F}"
EndProject
Global
	GlobalSection(SolutionConfigurationPlatforms) = preSolution
		Debug|Any CPU = Debug|Any CPU
		Release|Any CPU = Release|Any CPU
	EndGlobalSection
	GlobalSection(ProjectConfigurationPlatforms) = postSolution
		{276F8AD4-9200-462C-8C86-60E50DE1443E}.Debug|Any CPU.ActiveCfg = Debug|Any CPU
		{276F8AD4-9200-462C-8C86-60E50DE1443E}.Debug|Any CPU.Build.0 = Debug|Any CPU
		{276F8AD4-9200-462C-8C86-60E50DE1443E}.Release|Any CPU.ActiveCfg = Release|Any CPU
		{276F8AD4-9200-462C-8C86-60E50DE1443E}.Release|Any CPU.Build.0 = Release|Any CPU
		{A373F0FB-28B5-4CD8-B3BA-20153B6B3D4F}.Debug|Any CPU.ActiveCfg = Debug|Any CPU
		{A373F0FB-28B5-4CD8-B3BA-20153B6B3D4F}.Debug|Any CPU.Build.0 = Debug|Any CPU
		{A373F0FB-28B5-4CD8-B3BA-20153B6B3D4F}.Release|Any CPU.ActiveCfg = Release|Any CPU
		{A373F0FB-28B5-4CD8-B3BA-20153B6B3D4F}.Release|Any CPU.Build.0 = Release|Any CPU
	EndGlobalSection
	GlobalSection(SolutionProperties) = preSolution
		HideSolutionNode = FALSE
	EndGlobalSection
	GlobalSection(ExtensibilityGlobals) = postSolution
		SolutionGuid = {A07EC9CA-ABC6-4C2D-8821-AFE47E4752CA}
	EndGlobalSection
EndGlobal
